{
  "closures": [
    "/nix/store/0vqb1mcas5j8dv6bhbrshinlgsg6bvgi-gcc-15.3.0-lib",
    "/nix/store/17xmg38m60inc59az3frp540ccrwn2r8-util-linux-minimal-2.42.2-lib",
    "/nix/store/1ga782ml07vy0h503ac4cin0h8d7q6yh-libidn2-2.3.8",
    "/nix/store/1pnhssld9r4s4qxmsm9fbqvab9h2fyx3-redis-8.10.1",
    "/nix/store/1xakvg5jqmaiawwk0n1sbhvsvrdya512-libunistring-1.4.1",
    "/nix/store/217wr6zsyp3hkrvsrl5h4d7yphdm4wir-mpdecimal-4.0.1",
    "/nix/store/23q1ns1s025b401ixc1fz89rfpf2a2c6-lz4-1.10.0-lib",
    "/nix/store/26m93d2bs16y6s3aby48w3iyi4wrs9gw-dns-root-data-2025-04-14",
    "/nix/store/2a3izq4hffdd9r9gb2w6q2ibdc86kss6-xgcc-14.3.0-libgcc",
    "/nix/store/2gkqj0v0msfcagwf5ix199rf1lnwf2a1-expat-2.8.3",
    "/nix/store/33j4arplml526zd708ykmy19gyv59yxr-brotli-1.2.0",
    "/nix/store/34vidkz6jm5pinhhyxi64pj82x70vida-brotli-1.2.0",
    "/nix/store/3cfcygkbamw4b9snazj1xl4x5snhf62c-elfutils-0.195",
    "/nix/store/3qgy8q2j64v2m9jy3a5jmssacbblhd4r-coreutils-9.11",
    "/nix/store/3rkccxj7vi0p2a0d48c4a4z2vv2cni88-libunistring-1.4.1",
    "/nix/store/3y8jfnbcv230kip514qh2wmfifihzvqp-brotli-1.2.0",
    "/nix/store/4hlgp6r4j5p6b2b9sxw01cba0x3fjxd6-systemd-minimal-libs-261.2",
    "/nix/store/4xxc7cldibnlw5496qg5d45i0nmxyz11-nettle-3.10.2",
    "/nix/store/59qsa2rfqvj2frvnd3lz2w52bh3xzjci-util-linux-minimal-2.42.2-mount",
    "/nix/store/5rhnyy8qnwnasmadd83bbrp1agylvwjs-lld-21.1.8",
    "/nix/store/5xym1gmpk8kxl2vvfaaxja52qap9g49l-util-linux-minimal-2.42.2-login",
    "/nix/store/61534nwjl335kpcv3s3n7nyk5xzmg4sd-libcbor-0.14.0",
    "/nix/store/6pfa3sxidnzik3kjym6l3j5bz08d86y9-kbd-2.9.0",
    "/nix/store/8g85nl9i45brb9ddm09rc0qgsl3g9ml8-rustc-stable-2025-12-11",
    "/nix/store/8jnb0l7s676sp8p1mh8n2188gk6vjgwp-acl-2.4.0",
    "/nix/store/8kdw4bzswar0130r5m5cd2m3ga22lmax-tpm2-tss-4.2.0",
    "/nix/store/8vqfy9aqxcb5akhpcqdm2iv4q6wx2rih-ngtcp2-1.23.0",
    "/nix/store/91nr5z1cwr1qch2wl58dppl02zrnlza3-brotli-1.2.0-lib",
    "/nix/store/95rwp9dj3c6z4aplfh61apm786k5kxhw-libseccomp-2.6.1-lib",
    "/nix/store/9g3536ribbggd4swm4bwk8sknsddfl3j-libxml2-2.15.3",
    "/nix/store/9g759cxdxmz65spn0vscnjrzlxwiz9cp-cargo-stable-2025-12-11",
    "/nix/store/9ipfvwnqp1q8ijnmi5sxvlx9r8w34lw3-bash-5.3p15",
    "/nix/store/9j9c2j5bbwbzgvdlrsphcfw4r4pd6hng-lvm2-2.03.41-lib",
    "/nix/store/9kg53rdi54r7krlk9iwz6hplh75ppq5i-libtpms-0.10.2-unstable-2026-05-06",
    "/nix/store/adhjdycq6m1n6ljzm9ifp843y2my6zd8-krb5-1.22.2-lib",
    "/nix/store/aw2cplndjs2z6sxb7kma7k25aars90wx-jemalloc-5.3.1",
    "/nix/store/axmdd5wlxg1c9dbblvj09pjhkawqxmqx-glibc-2.42-84-bin",
    "/nix/store/bb2jb295969rw2xmijf6s578yb0pxypr-attr-2.6.0",
    "/nix/store/bdwsskqikgdlq94xqh5dvyd8263w995g-xz-5.8.3",
    "/nix/store/bmyw1idq6xyp1h4ksmb14s4imwnf8vwa-gmp-with-cxx-6.3.0",
    "/nix/store/c56x66gbj3qwv3g7dhadcfiq408q2hay-brotli-1.2.0-lib",
    "/nix/store/c6lcjhvgz0cg6w2xxki1gvdz2lsf4i8s-qrencode-4.1.1",
    "/nix/store/c6mgy63s5y1353152dp2s2jaig026j3h-readline-8.3p3",
    "/nix/store/cj9443b6ljpw3pzxa3x3ck7vrig9kkc0-pcre2-10.47",
    "/nix/store/cp3l3l4qzr9q87rn8jrrl3kq0b7nrp73-temporal-cli-1.8.2",
    "/nix/store/cqlx62f919g8xf2f39bmykslpjdh9z0j-rustc-1.97.1",
    "/nix/store/d1jsbahp06kifpx5v3hr1vqd3psb4f8j-rustc-nightly-default-2025-12-28",
    "/nix/store/d4wj0svs73h1p0726a7k3vi4vkic8qb5-nghttp2-1.70.0-lib",
    "/nix/store/d9l35nclmi0390dxpgivrikv5sf228kx-gnutls-3.8.13",
    "/nix/store/dv55qwamlq68hdiprg1v104ymwh1c27r-cargo-1.97.1",
    "/nix/store/f1i90m4xwg5yc3ca5ylp49ni51dx5g24-audit-4.2.1-lib",
    "/nix/store/fs6ingdw7raizv9byqk5cl4nvh8f40w4-llvm-21.1.8-lib",
    "/nix/store/fwzl4in6i7pj30zp0rz3mx90cl6vg4km-libgcrypt-1.12.2-lib",
    "/nix/store/gqr3pk0kzp0f61nv793qrkh9h4075cz9-pcsclite-2.4.1-lib",
    "/nix/store/h6q94p1jw42irzqybm1049fmxakh8701-mailcap-2.1.54",
    "/nix/store/hap0a9xj3hfxmf08fg9yyz87rm90w9sm-postgresql-15.19",
    "/nix/store/hg41dqig0qxm7shyi0a0xkw29a14i3js-openssl-3.6.3",
    "/nix/store/hxcmad417fd8ql9ylx96xpak7da06yiv-libidn2-2.3.8",
    "/nix/store/hz954b4dkbxmwl3vbisipn0ww9hqlyf4-libtasn1-4.21.0",
    "/nix/store/ia8ycxcfs23xblv3s18i4xgqxm5sbkri-icu4c-78.3",
    "/nix/store/il0fks5h18ddws825l0b83115ifcn0vp-libmicrohttpd-1.0.6",
    "/nix/store/imvc9v7wiw7rh5rrzjdhmrd96s2wszi2-json-c-0.18",
    "/nix/store/iv3npjf8gjxmzcx5wxaix2ha89628ywk-kmod-31-lib",
    "/nix/store/jg66vcyjabrdwfm6v8bz65vbpxfkhyal-keyutils-1.6.3-lib",
    "/nix/store/jms7zxzm7w1whczwny5m3gkgdjghmi2r-glibc-2.42-51",
    "/nix/store/js998ih76w3n2cqnysa7g27608djj5yn-gdbm-1.26-lib",
    "/nix/store/jwyskbj2mc7izs67ib2msydsh0vbnwl9-gmp-with-cxx-6.3.0",
    "/nix/store/kn3a61sk602hrg2b98q0ii8z2rbf0wif-kexec-tools-2.0.32",
    "/nix/store/ks6ni13a1bnfi1bdj03nqvrhr842ww86-libpsl-0.21.5",
    "/nix/store/l0l2ll1lmylczj1ihqn351af2kyp5x19-glibc-2.42-51",
    "/nix/store/l3p6y554mkxi4vipnnp8809kxj0g1lyv-zlib-1.3.2",
    "/nix/store/l7xwm1f6f3zj2x8jwdbi8gdyfbx07sh7-zlib-1.3.1",
    "/nix/store/laa2rxlj6rpd5nkhlpijp96pkcj192pa-cracklib-2.10.3",
    "/nix/store/lwvkmswcrra987aklpsby82hb4hscsa0-libarchive-3.8.9-lib",
    "/nix/store/m7v9cqyhncd3gbp548cnxm4b2acig3ng-linux-pam-1.7.2",
    "/nix/store/mhd5j36zdk4wq73d2znv4axx8fyvd2w9-libevent-2.1.13",
    "/nix/store/mkrc0dnys009hh8hl04pczp6kldcg87v-util-linux-minimal-2.42.2-swap",
    "/nix/store/mp4xhfghdxp0db0jf3k5iqack3ms3x9k-libssh2-1.11.1",
    "/nix/store/n51dhmdbik1kfrsm62j5knavmigwrl1a-glibc-2.42-84",
    "/nix/store/navpwgfi43zvhqgpv638z707m4nl5ijx-clickhouse-26.7.5.10-stable",
    "/nix/store/nb6fq3nrjmyx9f9syrfnmsyfhx1ks9vg-iana-etc-20251215",
    "/nix/store/nfvwp1x1bzaiala6nhciaa0ncn0296c3-libapparmor-5.0.2",
    "/nix/store/nga9d6m9iplygw3iqghk2g840nz7b0gy-libidn2-2.3.8",
    "/nix/store/nvx2mil92vwzm7r7p62748bxpflc4c88-postgresql-15.19-lib",
    "/nix/store/nxj00npy8vi9cwiw8wzch8n1x7kgj3fv-libpwquality-1.4.5-lib",
    "/nix/store/p0ff33dca0fbkskqwrl3spvxcn5974h0-tzdata-2026c",
    "/nix/store/p7jg95rzvfalb95k3mskk0jqxc9d724n-libunistring-1.4.1",
    "/nix/store/pfww4nv3wkgpyk1jvqqpz6ymxgj7cbbh-libxcrypt-4.5.2",
    "/nix/store/q22jwk7vaa69na5akgklgh70bhv9y4al-libcap-ng-0.9.3",
    "/nix/store/qsx8i11dg8j1pq2blv1f76fhzg92x2mc-brotli-1.2.0-dev",
    "/nix/store/qvh3wmxf35f8cb8sgb99cysrqikijzvj-unbound-1.26.0-lib",
    "/nix/store/r7vdyf8pwlqsgd5ydak9fmq3q1i5nm3m-xgcc-15.2.0-libgcc",
    "/nix/store/r9agcp0d8ngzrrjf7pyampq0y0sipjxc-publicsuffix-list-0-unstable-2026-08-14",
    "/nix/store/rlq03x4cwf8zn73hxaxnx0zn5q9kifls-bash-5.3p3",
    "/nix/store/s03pwvivxwjqbk3iflyhqyv4ryhfj374-p11-kit-0.26.2",
    "/nix/store/sb2rv4sivgmmgdwszyhjbsb51gs3dpai-brotli-1.2.0-lib",
    "/nix/store/sgsbfaq5zsw6ykrzpcfz3f6ia3wxkl86-libbpf-1.7.0",
    "/nix/store/shs2lyjm5yv7fmg4pwyvrlv9zr4macmv-gcc-14.3.0-libgcc",
    "/nix/store/sm8d6jpilwdy3bw3yq2lv8rr8jld26pb-systemd-261.2",
    "/nix/store/ssvq1r0xd8f7paf6zqgpfql1a4drwhy2-xgcc-15.3.0-libgcc",
    "/nix/store/v5z9g7psrkbdb48drs8v213f6jhyvp5i-jemalloc-5.3.1",
    "/nix/store/v6av5m4035ds4558ax9sh0ywwnkjnd7b-uv-0.12.5",
    "/nix/store/vdc3fylxjmmmq6yqnkn7a0i7yczg36xh-seaweedfs-4.44",
    "/nix/store/vkzbcqvnxj1inwrjymp3gd0bn61kb0wl-db-4.8.30",
    "/nix/store/vpxblivamvic1p5r5zny934jvg33m50r-xgcc-15.2.0-libgcc",
    "/nix/store/vz1kbkl0178apj4q15l0j4pjgibgi5bv-libfido2-1.17.0",
    "/nix/store/wb232z007b8qynidq89lli8lb2c4q0r4-libffi-3.8.0",
    "/nix/store/wi6kaycsa2479qrxv9xy6yg3q5ggfs6j-gcc-15.3.0-libgcc",
    "/nix/store/x4xicianwlchh2cadblv4pfz8syvl97b-curl-8.21.0",
    "/nix/store/xcv2rrfly0za0kdhzvmc0j2a6074zkib-sqlite-3.53.3",
    "/nix/store/xcwclh5qgw2x6qc39x6ixara06xczzlw-zstd-1.5.7",
    "/nix/store/xm08aqdd7pxcdhm0ak6aqb1v7hw5q6ri-gcc-14.3.0-lib",
    "/nix/store/xmrzhcfqg1vzwsvgm1dk9dq5fl64rlck-nghttp3-1.16.0",
    "/nix/store/xryrhsmmwrgdpqd5ic0fwkm64ghjmn4c-libgpg-error-1.61",
    "/nix/store/xx7cm72qy2c0643cm1ipngd87aqwkcdp-glibc-2.40-66",
    "/nix/store/xz5xsq0nihfs15fbknz5w0yblg04760q-bzip2-1.0.8",
    "/nix/store/yaa1sq5g4jar7rvlspy7kk2wd98nj6qh-rustc-wrapper-1.97.1",
    "/nix/store/yh8rykx8wakl1ccn8rc351f6r2wbg4cn-libunistring-1.4.2",
    "/nix/store/ylvn8sswwfdp6l71hmz9ic8m4w9996j5-libidn2-2.3.8",
    "/nix/store/yprcwha8bf8cag7kzbsiyfa180vm595w-python3-3.11.16",
    "/nix/store/zq860n82fcl4cd38nbr9hhb7sm65gk21-kmod-31",
    "/nix/store/zxbpvhc7s8sw2xrcl5qqh8y0ibmj3667-cryptsetup-2.8.7",
    "/nix/store/zz125vwahb637g5ckl046ll8fcqmc8pk-ncurses-6.6"
  ],
  "environment": {
    "CAPTURE_PORT": "18000",
    "CC": "gcc",
    "CLICKHOUSE_HOST": "127.0.0.1",
    "CLICKHOUSE_HTTP_PORT": "8123",
    "CLICKHOUSE_TCP_PORT": "9000",
    "CLOUDFLARE_BUCKET": "https://847959617b8d3ada9eb84238a37f56ec.r2.cloudflarestorage.com/posthog-enve",
    "CPATH": "/nix/store/qsx8i11dg8j1pq2blv1f76fhzg92x2mc-brotli-1.2.0-dev/include:/nix/store/m8x59ybbd4hycpswc27vj7hjyng7q7w6-brotli-1.2.0-dev/include:/nix/store/46hh240hlj9si28zra66dyc3nj85lynw-brotli-1.2.0-dev/include:/nix/store/yprcwha8bf8cag7kzbsiyfa180vm595w-python3-3.11.16/include",
    "C_INCLUDE_PATH": "/nix/store/qsx8i11dg8j1pq2blv1f76fhzg92x2mc-brotli-1.2.0-dev/include:/nix/store/m8x59ybbd4hycpswc27vj7hjyng7q7w6-brotli-1.2.0-dev/include:/nix/store/46hh240hlj9si28zra66dyc3nj85lynw-brotli-1.2.0-dev/include:/nix/store/yprcwha8bf8cag7kzbsiyfa180vm595w-python3-3.11.16/include",
    "DAGSTER_TEST_POSTGRES_URL": "postgresql://posthog@127.0.0.1:15432/test_dagster",
    "DATABASE_URL": "postgres://posthog@127.0.0.1:15432/posthog",
    "KAFKA_HOSTS": "127.0.0.1:19092",
    "LIBRARY_PATH": "/nix/store/sb2rv4sivgmmgdwszyhjbsb51gs3dpai-brotli-1.2.0-lib/lib:/nix/store/l0l2ll1lmylczj1ihqn351af2kyp5x19-glibc-2.42-51/lib:/nix/store/91nr5z1cwr1qch2wl58dppl02zrnlza3-brotli-1.2.0-lib/lib:/nix/store/qsx8i11dg8j1pq2blv1f76fhzg92x2mc-brotli-1.2.0-dev/lib:/nix/store/m8x59ybbd4hycpswc27vj7hjyng7q7w6-brotli-1.2.0-dev/lib:/nix/store/c56x66gbj3qwv3g7dhadcfiq408q2hay-brotli-1.2.0-lib/lib:/nix/store/n51dhmdbik1kfrsm62j5knavmigwrl1a-glibc-2.42-84/lib:/nix/store/jms7zxzm7w1whczwny5m3gkgdjghmi2r-glibc-2.42-51/lib:/nix/store/7ff90dag7i173s49c5m614wny2lpps1l-brotli-1.2.0-lib/lib:/nix/store/fjkx1l5cnskzrqacf08z7i8z17256w0j-glibc-2.42-61/lib:/nix/store/46hh240hlj9si28zra66dyc3nj85lynw-brotli-1.2.0-dev/lib:/nix/store/0vqb1mcas5j8dv6bhbrshinlgsg6bvgi-gcc-15.3.0-lib/lib:/nix/store/9ipfvwnqp1q8ijnmi5sxvlx9r8w34lw3-bash-5.3p15/lib:/nix/store/cqlx62f919g8xf2f39bmykslpjdh9z0j-rustc-1.97.1/lib:/nix/store/fs6ingdw7raizv9byqk5cl4nvh8f40w4-llvm-21.1.8-lib/lib:/nix/store/xx7cm72qy2c0643cm1ipngd87aqwkcdp-glibc-2.40-66/lib:/nix/store/d1jsbahp06kifpx5v3hr1vqd3psb4f8j-rustc-nightly-default-2025-12-28/lib:/nix/store/rlq03x4cwf8zn73hxaxnx0zn5q9kifls-bash-5.3p3/lib:/nix/store/xm08aqdd7pxcdhm0ak6aqb1v7hw5q6ri-gcc-14.3.0-lib/lib:/nix/store/8g85nl9i45brb9ddm09rc0qgsl3g9ml8-rustc-stable-2025-12-11/lib:/nix/store/9g759cxdxmz65spn0vscnjrzlxwiz9cp-cargo-stable-2025-12-11/lib:/nix/store/navpwgfi43zvhqgpv638z707m4nl5ijx-clickhouse-26.7.5.10-stable/lib:/nix/store/sm8d6jpilwdy3bw3yq2lv8rr8jld26pb-systemd-261.2/lib:/nix/store/hg41dqig0qxm7shyi0a0xkw29a14i3js-openssl-3.6.3/lib:/nix/store/v5z9g7psrkbdb48drs8v213f6jhyvp5i-jemalloc-5.3.1/lib:/nix/store/yprcwha8bf8cag7kzbsiyfa180vm595w-python3-3.11.16/lib:/nix/store/pfww4nv3wkgpyk1jvqqpz6ymxgj7cbbh-libxcrypt-4.5.2/lib:/nix/store/l3p6y554mkxi4vipnnp8809kxj0g1lyv-zlib-1.3.2/lib:/nix/store/xcv2rrfly0za0kdhzvmc0j2a6074zkib-sqlite-3.53.3/lib:/nix/store/wb232z007b8qynidq89lli8lb2c4q0r4-libffi-3.8.0/lib:/nix/store/2gkqj0v0msfcagwf5ix199rf1lnwf2a1-expat-2.8.3/lib:/nix/store/217wr6zsyp3hkrvsrl5h4d7yphdm4wir-mpdecimal-4.0.1/lib:/nix/store/17xmg38m60inc59az3frp540ccrwn2r8-util-linux-minimal-2.42.2-lib/lib:/nix/store/c6mgy63s5y1353152dp2s2jaig026j3h-readline-8.3p3/lib:/nix/store/zz125vwahb637g5ckl046ll8fcqmc8pk-ncurses-6.6/lib:/nix/store/js998ih76w3n2cqnysa7g27608djj5yn-gdbm-1.26-lib/lib:/nix/store/bdwsskqikgdlq94xqh5dvyd8263w995g-xz-5.8.3/lib:/nix/store/xz5xsq0nihfs15fbknz5w0yblg04760q-bzip2-1.0.8/lib:/nix/store/nvx2mil92vwzm7r7p62748bxpflc4c88-postgresql-15.19-lib/lib:/nix/store/hap0a9xj3hfxmf08fg9yyz87rm90w9sm-postgresql-15.19/lib:/nix/store/23q1ns1s025b401ixc1fz89rfpf2a2c6-lz4-1.10.0-lib/lib:/nix/store/xcwclh5qgw2x6qc39x6ixara06xczzlw-zstd-1.5.7/lib:/nix/store/9g3536ribbggd4swm4bwk8sknsddfl3j-libxml2-2.15.3/lib",
    "NOTEBOOKS_FRAME_STORE_S3_ENDPOINT": "http://127.0.0.1:19000",
    "OBJECT_STORAGE_ACCESS_KEY_ID": "object_storage_root_user",
    "OBJECT_STORAGE_ENABLED": "True",
    "OBJECT_STORAGE_ENDPOINT": "http://127.0.0.1:19000",
    "OBJECT_STORAGE_SECRET_ACCESS_KEY": "object_storage_root_password",
    "PGPORT": "15432",
    "PKG_CONFIG_PATH": "/nix/store/qsx8i11dg8j1pq2blv1f76fhzg92x2mc-brotli-1.2.0-dev/lib/pkgconfig:/nix/store/m8x59ybbd4hycpswc27vj7hjyng7q7w6-brotli-1.2.0-dev/lib/pkgconfig:/nix/store/46hh240hlj9si28zra66dyc3nj85lynw-brotli-1.2.0-dev/lib/pkgconfig:/nix/store/v5z9g7psrkbdb48drs8v213f6jhyvp5i-jemalloc-5.3.1/lib/pkgconfig:/nix/store/yprcwha8bf8cag7kzbsiyfa180vm595w-python3-3.11.16/lib/pkgconfig:/nix/store/pfww4nv3wkgpyk1jvqqpz6ymxgj7cbbh-libxcrypt-4.5.2/lib/pkgconfig",
    "REDIS_PORT": "16379",
    "REDIS_URL": "redis://127.0.0.1:16379",
    "TEMPORAL_HOST": "127.0.0.1",
    "TEMPORAL_PORT": "7233"
  },
  "platforms": {
    "x86_64-linux": {
      "closures": [
        "/nix/store/0vqb1mcas5j8dv6bhbrshinlgsg6bvgi-gcc-15.3.0-lib",
        "/nix/store/17xmg38m60inc59az3frp540ccrwn2r8-util-linux-minimal-2.42.2-lib",
        "/nix/store/1ga782ml07vy0h503ac4cin0h8d7q6yh-libidn2-2.3.8",
        "/nix/store/1pnhssld9r4s4qxmsm9fbqvab9h2fyx3-redis-8.10.1",
        "/nix/store/1xakvg5jqmaiawwk0n1sbhvsvrdya512-libunistring-1.4.1",
        "/nix/store/217wr6zsyp3hkrvsrl5h4d7yphdm4wir-mpdecimal-4.0.1",
        "/nix/store/23q1ns1s025b401ixc1fz89rfpf2a2c6-lz4-1.10.0-lib",
        "/nix/store/26m93d2bs16y6s3aby48w3iyi4wrs9gw-dns-root-data-2025-04-14",
        "/nix/store/2a3izq4hffdd9r9gb2w6q2ibdc86kss6-xgcc-14.3.0-libgcc",
        "/nix/store/2gkqj0v0msfcagwf5ix199rf1lnwf2a1-expat-2.8.3",
        "/nix/store/33j4arplml526zd708ykmy19gyv59yxr-brotli-1.2.0",
        "/nix/store/34vidkz6jm5pinhhyxi64pj82x70vida-brotli-1.2.0",
        "/nix/store/3cfcygkbamw4b9snazj1xl4x5snhf62c-elfutils-0.195",
        "/nix/store/3qgy8q2j64v2m9jy3a5jmssacbblhd4r-coreutils-9.11",
        "/nix/store/3rkccxj7vi0p2a0d48c4a4z2vv2cni88-libunistring-1.4.1",
        "/nix/store/3y8jfnbcv230kip514qh2wmfifihzvqp-brotli-1.2.0",
        "/nix/store/4hlgp6r4j5p6b2b9sxw01cba0x3fjxd6-systemd-minimal-libs-261.2",
        "/nix/store/4xxc7cldibnlw5496qg5d45i0nmxyz11-nettle-3.10.2",
        "/nix/store/59qsa2rfqvj2frvnd3lz2w52bh3xzjci-util-linux-minimal-2.42.2-mount",
        "/nix/store/5rhnyy8qnwnasmadd83bbrp1agylvwjs-lld-21.1.8",
        "/nix/store/5xym1gmpk8kxl2vvfaaxja52qap9g49l-util-linux-minimal-2.42.2-login",
        "/nix/store/61534nwjl335kpcv3s3n7nyk5xzmg4sd-libcbor-0.14.0",
        "/nix/store/6pfa3sxidnzik3kjym6l3j5bz08d86y9-kbd-2.9.0",
        "/nix/store/8g85nl9i45brb9ddm09rc0qgsl3g9ml8-rustc-stable-2025-12-11",
        "/nix/store/8jnb0l7s676sp8p1mh8n2188gk6vjgwp-acl-2.4.0",
        "/nix/store/8kdw4bzswar0130r5m5cd2m3ga22lmax-tpm2-tss-4.2.0",
        "/nix/store/8vqfy9aqxcb5akhpcqdm2iv4q6wx2rih-ngtcp2-1.23.0",
        "/nix/store/91nr5z1cwr1qch2wl58dppl02zrnlza3-brotli-1.2.0-lib",
        "/nix/store/95rwp9dj3c6z4aplfh61apm786k5kxhw-libseccomp-2.6.1-lib",
        "/nix/store/9g3536ribbggd4swm4bwk8sknsddfl3j-libxml2-2.15.3",
        "/nix/store/9g759cxdxmz65spn0vscnjrzlxwiz9cp-cargo-stable-2025-12-11",
        "/nix/store/9ipfvwnqp1q8ijnmi5sxvlx9r8w34lw3-bash-5.3p15",
        "/nix/store/9j9c2j5bbwbzgvdlrsphcfw4r4pd6hng-lvm2-2.03.41-lib",
        "/nix/store/9kg53rdi54r7krlk9iwz6hplh75ppq5i-libtpms-0.10.2-unstable-2026-05-06",
        "/nix/store/adhjdycq6m1n6ljzm9ifp843y2my6zd8-krb5-1.22.2-lib",
        "/nix/store/aw2cplndjs2z6sxb7kma7k25aars90wx-jemalloc-5.3.1",
        "/nix/store/axmdd5wlxg1c9dbblvj09pjhkawqxmqx-glibc-2.42-84-bin",
        "/nix/store/bb2jb295969rw2xmijf6s578yb0pxypr-attr-2.6.0",
        "/nix/store/bdwsskqikgdlq94xqh5dvyd8263w995g-xz-5.8.3",
        "/nix/store/bmyw1idq6xyp1h4ksmb14s4imwnf8vwa-gmp-with-cxx-6.3.0",
        "/nix/store/c56x66gbj3qwv3g7dhadcfiq408q2hay-brotli-1.2.0-lib",
        "/nix/store/c6lcjhvgz0cg6w2xxki1gvdz2lsf4i8s-qrencode-4.1.1",
        "/nix/store/c6mgy63s5y1353152dp2s2jaig026j3h-readline-8.3p3",
        "/nix/store/cj9443b6ljpw3pzxa3x3ck7vrig9kkc0-pcre2-10.47",
        "/nix/store/cp3l3l4qzr9q87rn8jrrl3kq0b7nrp73-temporal-cli-1.8.2",
        "/nix/store/cqlx62f919g8xf2f39bmykslpjdh9z0j-rustc-1.97.1",
        "/nix/store/d1jsbahp06kifpx5v3hr1vqd3psb4f8j-rustc-nightly-default-2025-12-28",
        "/nix/store/d4wj0svs73h1p0726a7k3vi4vkic8qb5-nghttp2-1.70.0-lib",
        "/nix/store/d9l35nclmi0390dxpgivrikv5sf228kx-gnutls-3.8.13",
        "/nix/store/dv55qwamlq68hdiprg1v104ymwh1c27r-cargo-1.97.1",
        "/nix/store/f1i90m4xwg5yc3ca5ylp49ni51dx5g24-audit-4.2.1-lib",
        "/nix/store/fs6ingdw7raizv9byqk5cl4nvh8f40w4-llvm-21.1.8-lib",
        "/nix/store/fwzl4in6i7pj30zp0rz3mx90cl6vg4km-libgcrypt-1.12.2-lib",
        "/nix/store/gqr3pk0kzp0f61nv793qrkh9h4075cz9-pcsclite-2.4.1-lib",
        "/nix/store/h6q94p1jw42irzqybm1049fmxakh8701-mailcap-2.1.54",
        "/nix/store/hap0a9xj3hfxmf08fg9yyz87rm90w9sm-postgresql-15.19",
        "/nix/store/hg41dqig0qxm7shyi0a0xkw29a14i3js-openssl-3.6.3",
        "/nix/store/hxcmad417fd8ql9ylx96xpak7da06yiv-libidn2-2.3.8",
        "/nix/store/hz954b4dkbxmwl3vbisipn0ww9hqlyf4-libtasn1-4.21.0",
        "/nix/store/ia8ycxcfs23xblv3s18i4xgqxm5sbkri-icu4c-78.3",
        "/nix/store/il0fks5h18ddws825l0b83115ifcn0vp-libmicrohttpd-1.0.6",
        "/nix/store/imvc9v7wiw7rh5rrzjdhmrd96s2wszi2-json-c-0.18",
        "/nix/store/iv3npjf8gjxmzcx5wxaix2ha89628ywk-kmod-31-lib",
        "/nix/store/jg66vcyjabrdwfm6v8bz65vbpxfkhyal-keyutils-1.6.3-lib",
        "/nix/store/jms7zxzm7w1whczwny5m3gkgdjghmi2r-glibc-2.42-51",
        "/nix/store/js998ih76w3n2cqnysa7g27608djj5yn-gdbm-1.26-lib",
        "/nix/store/jwyskbj2mc7izs67ib2msydsh0vbnwl9-gmp-with-cxx-6.3.0",
        "/nix/store/kn3a61sk602hrg2b98q0ii8z2rbf0wif-kexec-tools-2.0.32",
        "/nix/store/ks6ni13a1bnfi1bdj03nqvrhr842ww86-libpsl-0.21.5",
        "/nix/store/l0l2ll1lmylczj1ihqn351af2kyp5x19-glibc-2.42-51",
        "/nix/store/l3p6y554mkxi4vipnnp8809kxj0g1lyv-zlib-1.3.2",
        "/nix/store/l7xwm1f6f3zj2x8jwdbi8gdyfbx07sh7-zlib-1.3.1",
        "/nix/store/laa2rxlj6rpd5nkhlpijp96pkcj192pa-cracklib-2.10.3",
        "/nix/store/lwvkmswcrra987aklpsby82hb4hscsa0-libarchive-3.8.9-lib",
        "/nix/store/m7v9cqyhncd3gbp548cnxm4b2acig3ng-linux-pam-1.7.2",
        "/nix/store/mhd5j36zdk4wq73d2znv4axx8fyvd2w9-libevent-2.1.13",
        "/nix/store/mkrc0dnys009hh8hl04pczp6kldcg87v-util-linux-minimal-2.42.2-swap",
        "/nix/store/mp4xhfghdxp0db0jf3k5iqack3ms3x9k-libssh2-1.11.1",
        "/nix/store/n51dhmdbik1kfrsm62j5knavmigwrl1a-glibc-2.42-84",
        "/nix/store/navpwgfi43zvhqgpv638z707m4nl5ijx-clickhouse-26.7.5.10-stable",
        "/nix/store/nb6fq3nrjmyx9f9syrfnmsyfhx1ks9vg-iana-etc-20251215",
        "/nix/store/nfvwp1x1bzaiala6nhciaa0ncn0296c3-libapparmor-5.0.2",
        "/nix/store/nga9d6m9iplygw3iqghk2g840nz7b0gy-libidn2-2.3.8",
        "/nix/store/nvx2mil92vwzm7r7p62748bxpflc4c88-postgresql-15.19-lib",
        "/nix/store/nxj00npy8vi9cwiw8wzch8n1x7kgj3fv-libpwquality-1.4.5-lib",
        "/nix/store/p0ff33dca0fbkskqwrl3spvxcn5974h0-tzdata-2026c",
        "/nix/store/p7jg95rzvfalb95k3mskk0jqxc9d724n-libunistring-1.4.1",
        "/nix/store/pfww4nv3wkgpyk1jvqqpz6ymxgj7cbbh-libxcrypt-4.5.2",
        "/nix/store/q22jwk7vaa69na5akgklgh70bhv9y4al-libcap-ng-0.9.3",
        "/nix/store/qsx8i11dg8j1pq2blv1f76fhzg92x2mc-brotli-1.2.0-dev",
        "/nix/store/qvh3wmxf35f8cb8sgb99cysrqikijzvj-unbound-1.26.0-lib",
        "/nix/store/r7vdyf8pwlqsgd5ydak9fmq3q1i5nm3m-xgcc-15.2.0-libgcc",
        "/nix/store/r9agcp0d8ngzrrjf7pyampq0y0sipjxc-publicsuffix-list-0-unstable-2026-08-14",
        "/nix/store/rlq03x4cwf8zn73hxaxnx0zn5q9kifls-bash-5.3p3",
        "/nix/store/s03pwvivxwjqbk3iflyhqyv4ryhfj374-p11-kit-0.26.2",
        "/nix/store/sb2rv4sivgmmgdwszyhjbsb51gs3dpai-brotli-1.2.0-lib",
        "/nix/store/sgsbfaq5zsw6ykrzpcfz3f6ia3wxkl86-libbpf-1.7.0",
        "/nix/store/shs2lyjm5yv7fmg4pwyvrlv9zr4macmv-gcc-14.3.0-libgcc",
        "/nix/store/sm8d6jpilwdy3bw3yq2lv8rr8jld26pb-systemd-261.2",
        "/nix/store/ssvq1r0xd8f7paf6zqgpfql1a4drwhy2-xgcc-15.3.0-libgcc",
        "/nix/store/v5z9g7psrkbdb48drs8v213f6jhyvp5i-jemalloc-5.3.1",
        "/nix/store/v6av5m4035ds4558ax9sh0ywwnkjnd7b-uv-0.12.5",
        "/nix/store/vdc3fylxjmmmq6yqnkn7a0i7yczg36xh-seaweedfs-4.44",
        "/nix/store/vkzbcqvnxj1inwrjymp3gd0bn61kb0wl-db-4.8.30",
        "/nix/store/vpxblivamvic1p5r5zny934jvg33m50r-xgcc-15.2.0-libgcc",
        "/nix/store/vz1kbkl0178apj4q15l0j4pjgibgi5bv-libfido2-1.17.0",
        "/nix/store/wb232z007b8qynidq89lli8lb2c4q0r4-libffi-3.8.0",
        "/nix/store/wi6kaycsa2479qrxv9xy6yg3q5ggfs6j-gcc-15.3.0-libgcc",
        "/nix/store/x4xicianwlchh2cadblv4pfz8syvl97b-curl-8.21.0",
        "/nix/store/xcv2rrfly0za0kdhzvmc0j2a6074zkib-sqlite-3.53.3",
        "/nix/store/xcwclh5qgw2x6qc39x6ixara06xczzlw-zstd-1.5.7",
        "/nix/store/xm08aqdd7pxcdhm0ak6aqb1v7hw5q6ri-gcc-14.3.0-lib",
        "/nix/store/xmrzhcfqg1vzwsvgm1dk9dq5fl64rlck-nghttp3-1.16.0",
        "/nix/store/xryrhsmmwrgdpqd5ic0fwkm64ghjmn4c-libgpg-error-1.61",
        "/nix/store/xx7cm72qy2c0643cm1ipngd87aqwkcdp-glibc-2.40-66",
        "/nix/store/xz5xsq0nihfs15fbknz5w0yblg04760q-bzip2-1.0.8",
        "/nix/store/yaa1sq5g4jar7rvlspy7kk2wd98nj6qh-rustc-wrapper-1.97.1",
        "/nix/store/yh8rykx8wakl1ccn8rc351f6r2wbg4cn-libunistring-1.4.2",
        "/nix/store/ylvn8sswwfdp6l71hmz9ic8m4w9996j5-libidn2-2.3.8",
        "/nix/store/yprcwha8bf8cag7kzbsiyfa180vm595w-python3-3.11.16",
        "/nix/store/zq860n82fcl4cd38nbr9hhb7sm65gk21-kmod-31",
        "/nix/store/zxbpvhc7s8sw2xrcl5qqh8y0ibmj3667-cryptsetup-2.8.7",
        "/nix/store/zz125vwahb637g5ckl046ll8fcqmc8pk-ncurses-6.6"
      ],
      "environment": {
        "CAPTURE_PORT": "18000",
        "CC": "gcc",
        "CLICKHOUSE_HOST": "127.0.0.1",
        "CLICKHOUSE_HTTP_PORT": "8123",
        "CLICKHOUSE_TCP_PORT": "9000",
        "CLOUDFLARE_BUCKET": "https://847959617b8d3ada9eb84238a37f56ec.r2.cloudflarestorage.com/posthog-enve",
        "CPATH": "/nix/store/qsx8i11dg8j1pq2blv1f76fhzg92x2mc-brotli-1.2.0-dev/include:/nix/store/m8x59ybbd4hycpswc27vj7hjyng7q7w6-brotli-1.2.0-dev/include:/nix/store/46hh240hlj9si28zra66dyc3nj85lynw-brotli-1.2.0-dev/include:/nix/store/yprcwha8bf8cag7kzbsiyfa180vm595w-python3-3.11.16/include",
        "C_INCLUDE_PATH": "/nix/store/qsx8i11dg8j1pq2blv1f76fhzg92x2mc-brotli-1.2.0-dev/include:/nix/store/m8x59ybbd4hycpswc27vj7hjyng7q7w6-brotli-1.2.0-dev/include:/nix/store/46hh240hlj9si28zra66dyc3nj85lynw-brotli-1.2.0-dev/include:/nix/store/yprcwha8bf8cag7kzbsiyfa180vm595w-python3-3.11.16/include",
        "DAGSTER_TEST_POSTGRES_URL": "postgresql://posthog@127.0.0.1:15432/test_dagster",
        "DATABASE_URL": "postgres://posthog@127.0.0.1:15432/posthog",
        "KAFKA_HOSTS": "127.0.0.1:19092",
        "LIBRARY_PATH": "/nix/store/sb2rv4sivgmmgdwszyhjbsb51gs3dpai-brotli-1.2.0-lib/lib:/nix/store/l0l2ll1lmylczj1ihqn351af2kyp5x19-glibc-2.42-51/lib:/nix/store/91nr5z1cwr1qch2wl58dppl02zrnlza3-brotli-1.2.0-lib/lib:/nix/store/qsx8i11dg8j1pq2blv1f76fhzg92x2mc-brotli-1.2.0-dev/lib:/nix/store/m8x59ybbd4hycpswc27vj7hjyng7q7w6-brotli-1.2.0-dev/lib:/nix/store/c56x66gbj3qwv3g7dhadcfiq408q2hay-brotli-1.2.0-lib/lib:/nix/store/n51dhmdbik1kfrsm62j5knavmigwrl1a-glibc-2.42-84/lib:/nix/store/jms7zxzm7w1whczwny5m3gkgdjghmi2r-glibc-2.42-51/lib:/nix/store/7ff90dag7i173s49c5m614wny2lpps1l-brotli-1.2.0-lib/lib:/nix/store/fjkx1l5cnskzrqacf08z7i8z17256w0j-glibc-2.42-61/lib:/nix/store/46hh240hlj9si28zra66dyc3nj85lynw-brotli-1.2.0-dev/lib:/nix/store/0vqb1mcas5j8dv6bhbrshinlgsg6bvgi-gcc-15.3.0-lib/lib:/nix/store/9ipfvwnqp1q8ijnmi5sxvlx9r8w34lw3-bash-5.3p15/lib:/nix/store/cqlx62f919g8xf2f39bmykslpjdh9z0j-rustc-1.97.1/lib:/nix/store/fs6ingdw7raizv9byqk5cl4nvh8f40w4-llvm-21.1.8-lib/lib:/nix/store/xx7cm72qy2c0643cm1ipngd87aqwkcdp-glibc-2.40-66/lib:/nix/store/d1jsbahp06kifpx5v3hr1vqd3psb4f8j-rustc-nightly-default-2025-12-28/lib:/nix/store/rlq03x4cwf8zn73hxaxnx0zn5q9kifls-bash-5.3p3/lib:/nix/store/xm08aqdd7pxcdhm0ak6aqb1v7hw5q6ri-gcc-14.3.0-lib/lib:/nix/store/8g85nl9i45brb9ddm09rc0qgsl3g9ml8-rustc-stable-2025-12-11/lib:/nix/store/9g759cxdxmz65spn0vscnjrzlxwiz9cp-cargo-stable-2025-12-11/lib:/nix/store/navpwgfi43zvhqgpv638z707m4nl5ijx-clickhouse-26.7.5.10-stable/lib:/nix/store/sm8d6jpilwdy3bw3yq2lv8rr8jld26pb-systemd-261.2/lib:/nix/store/hg41dqig0qxm7shyi0a0xkw29a14i3js-openssl-3.6.3/lib:/nix/store/v5z9g7psrkbdb48drs8v213f6jhyvp5i-jemalloc-5.3.1/lib:/nix/store/yprcwha8bf8cag7kzbsiyfa180vm595w-python3-3.11.16/lib:/nix/store/pfww4nv3wkgpyk1jvqqpz6ymxgj7cbbh-libxcrypt-4.5.2/lib:/nix/store/l3p6y554mkxi4vipnnp8809kxj0g1lyv-zlib-1.3.2/lib:/nix/store/xcv2rrfly0za0kdhzvmc0j2a6074zkib-sqlite-3.53.3/lib:/nix/store/wb232z007b8qynidq89lli8lb2c4q0r4-libffi-3.8.0/lib:/nix/store/2gkqj0v0msfcagwf5ix199rf1lnwf2a1-expat-2.8.3/lib:/nix/store/217wr6zsyp3hkrvsrl5h4d7yphdm4wir-mpdecimal-4.0.1/lib:/nix/store/17xmg38m60inc59az3frp540ccrwn2r8-util-linux-minimal-2.42.2-lib/lib:/nix/store/c6mgy63s5y1353152dp2s2jaig026j3h-readline-8.3p3/lib:/nix/store/zz125vwahb637g5ckl046ll8fcqmc8pk-ncurses-6.6/lib:/nix/store/js998ih76w3n2cqnysa7g27608djj5yn-gdbm-1.26-lib/lib:/nix/store/bdwsskqikgdlq94xqh5dvyd8263w995g-xz-5.8.3/lib:/nix/store/xz5xsq0nihfs15fbknz5w0yblg04760q-bzip2-1.0.8/lib:/nix/store/nvx2mil92vwzm7r7p62748bxpflc4c88-postgresql-15.19-lib/lib:/nix/store/hap0a9xj3hfxmf08fg9yyz87rm90w9sm-postgresql-15.19/lib:/nix/store/23q1ns1s025b401ixc1fz89rfpf2a2c6-lz4-1.10.0-lib/lib:/nix/store/xcwclh5qgw2x6qc39x6ixara06xczzlw-zstd-1.5.7/lib:/nix/store/9g3536ribbggd4swm4bwk8sknsddfl3j-libxml2-2.15.3/lib",
        "NOTEBOOKS_FRAME_STORE_S3_ENDPOINT": "http://127.0.0.1:19000",
        "OBJECT_STORAGE_ACCESS_KEY_ID": "object_storage_root_user",
        "OBJECT_STORAGE_ENABLED": "True",
        "OBJECT_STORAGE_ENDPOINT": "http://127.0.0.1:19000",
        "OBJECT_STORAGE_SECRET_ACCESS_KEY": "object_storage_root_password",
        "PGPORT": "15432",
        "PKG_CONFIG_PATH": "/nix/store/qsx8i11dg8j1pq2blv1f76fhzg92x2mc-brotli-1.2.0-dev/lib/pkgconfig:/nix/store/m8x59ybbd4hycpswc27vj7hjyng7q7w6-brotli-1.2.0-dev/lib/pkgconfig:/nix/store/46hh240hlj9si28zra66dyc3nj85lynw-brotli-1.2.0-dev/lib/pkgconfig:/nix/store/v5z9g7psrkbdb48drs8v213f6jhyvp5i-jemalloc-5.3.1/lib/pkgconfig:/nix/store/yprcwha8bf8cag7kzbsiyfa180vm595w-python3-3.11.16/lib/pkgconfig:/nix/store/pfww4nv3wkgpyk1jvqqpz6ymxgj7cbbh-libxcrypt-4.5.2/lib/pkgconfig",
        "REDIS_PORT": "16379",
        "REDIS_URL": "redis://127.0.0.1:16379",
        "TEMPORAL_HOST": "127.0.0.1",
        "TEMPORAL_PORT": "7233"
      },
      "shellHook": "\n\t\techo \"🦔 Welcome to PostHog Monorepo (Zero-Daemon enve environment)\"\n\t\techo \"Run 'enve up' to start background microservices in <1.2s\"\n\t\techo \"Run 'enve up postgres redis' for minimal web API hacking\"\n\t\t",
      "tools": {
        "brotli": {
          "binPath": "/nix/store/33j4arplml526zd708ykmy19gyv59yxr-brotli-1.2.0/bin",
          "storePath": "/nix/store/33j4arplml526zd708ykmy19gyv59yxr-brotli-1.2.0",
          "version": "1.2.0"
        },
        "cargo": {
          "binPath": "/nix/store/dv55qwamlq68hdiprg1v104ymwh1c27r-cargo-1.97.1/bin",
          "storePath": "/nix/store/dv55qwamlq68hdiprg1v104ymwh1c27r-cargo-1.97.1",
          "version": "1.97.1"
        },
        "cargo-stable-2025-12": {
          "binPath": "/nix/store/9g759cxdxmz65spn0vscnjrzlxwiz9cp-cargo-stable-2025-12-11/bin",
          "storePath": "/nix/store/9g759cxdxmz65spn0vscnjrzlxwiz9cp-cargo-stable-2025-12-11",
          "version": "11"
        },
        "clickhouse-26.7.5.10-stable": {
          "binPath": "/nix/store/navpwgfi43zvhqgpv638z707m4nl5ijx-clickhouse-26.7.5.10-stable/bin",
          "storePath": "/nix/store/navpwgfi43zvhqgpv638z707m4nl5ijx-clickhouse-26.7.5.10-stable"
        },
        "postgresql": {
          "binPath": "/nix/store/hap0a9xj3hfxmf08fg9yyz87rm90w9sm-postgresql-15.19/bin",
          "storePath": "/nix/store/hap0a9xj3hfxmf08fg9yyz87rm90w9sm-postgresql-15.19",
          "version": "15.19"
        },
        "python3": {
          "binPath": "/nix/store/yprcwha8bf8cag7kzbsiyfa180vm595w-python3-3.11.16/bin",
          "storePath": "/nix/store/yprcwha8bf8cag7kzbsiyfa180vm595w-python3-3.11.16",
          "version": "3.11.16"
        },
        "redis": {
          "binPath": "/nix/store/1pnhssld9r4s4qxmsm9fbqvab9h2fyx3-redis-8.10.1/bin",
          "storePath": "/nix/store/1pnhssld9r4s4qxmsm9fbqvab9h2fyx3-redis-8.10.1",
          "version": "8.10.1"
        },
        "rustc": {
          "binPath": "/nix/store/cqlx62f919g8xf2f39bmykslpjdh9z0j-rustc-1.97.1/bin",
          "storePath": "/nix/store/cqlx62f919g8xf2f39bmykslpjdh9z0j-rustc-1.97.1",
          "version": "1.97.1"
        },
        "rustc-nightly-default-2025-12": {
          "binPath": "/nix/store/d1jsbahp06kifpx5v3hr1vqd3psb4f8j-rustc-nightly-default-2025-12-28/bin",
          "storePath": "/nix/store/d1jsbahp06kifpx5v3hr1vqd3psb4f8j-rustc-nightly-default-2025-12-28",
          "version": "28"
        },
        "rustc-stable-2025-12": {
          "binPath": "/nix/store/8g85nl9i45brb9ddm09rc0qgsl3g9ml8-rustc-stable-2025-12-11/bin",
          "storePath": "/nix/store/8g85nl9i45brb9ddm09rc0qgsl3g9ml8-rustc-stable-2025-12-11",
          "version": "11"
        },
        "rustc-wrapper": {
          "binPath": "/nix/store/yaa1sq5g4jar7rvlspy7kk2wd98nj6qh-rustc-wrapper-1.97.1/bin",
          "storePath": "/nix/store/yaa1sq5g4jar7rvlspy7kk2wd98nj6qh-rustc-wrapper-1.97.1",
          "version": "1.97.1"
        },
        "seaweedfs": {
          "binPath": "/nix/store/vdc3fylxjmmmq6yqnkn7a0i7yczg36xh-seaweedfs-4.44/bin",
          "storePath": "/nix/store/vdc3fylxjmmmq6yqnkn7a0i7yczg36xh-seaweedfs-4.44",
          "version": "4.44"
        },
        "temporal-cli": {
          "binPath": "/nix/store/cp3l3l4qzr9q87rn8jrrl3kq0b7nrp73-temporal-cli-1.8.2/bin",
          "storePath": "/nix/store/cp3l3l4qzr9q87rn8jrrl3kq0b7nrp73-temporal-cli-1.8.2",
          "version": "1.8.2"
        },
        "uv": {
          "binPath": "/nix/store/v6av5m4035ds4558ax9sh0ywwnkjnd7b-uv-0.12.5/bin",
          "storePath": "/nix/store/v6av5m4035ds4558ax9sh0ywwnkjnd7b-uv-0.12.5",
          "version": "0.12.5"
        }
      }
    }
  },
  "shellHook": "\n\t\techo \"🦔 Welcome to PostHog Monorepo (Zero-Daemon enve environment)\"\n\t\techo \"Run 'enve up' to start background microservices in <1.2s\"\n\t\techo \"Run 'enve up postgres redis' for minimal web API hacking\"\n\t\t",
  "target": "enve.cue",
  "tools": {
    "brotli": {
      "binPath": "/nix/store/33j4arplml526zd708ykmy19gyv59yxr-brotli-1.2.0/bin",
      "storePath": "/nix/store/33j4arplml526zd708ykmy19gyv59yxr-brotli-1.2.0",
      "version": "1.2.0"
    },
    "cargo": {
      "binPath": "/nix/store/dv55qwamlq68hdiprg1v104ymwh1c27r-cargo-1.97.1/bin",
      "storePath": "/nix/store/dv55qwamlq68hdiprg1v104ymwh1c27r-cargo-1.97.1",
      "version": "1.97.1"
    },
    "cargo-stable-2025-12": {
      "binPath": "/nix/store/9g759cxdxmz65spn0vscnjrzlxwiz9cp-cargo-stable-2025-12-11/bin",
      "storePath": "/nix/store/9g759cxdxmz65spn0vscnjrzlxwiz9cp-cargo-stable-2025-12-11",
      "version": "11"
    },
    "clickhouse-26.7.5.10-stable": {
      "binPath": "/nix/store/navpwgfi43zvhqgpv638z707m4nl5ijx-clickhouse-26.7.5.10-stable/bin",
      "storePath": "/nix/store/navpwgfi43zvhqgpv638z707m4nl5ijx-clickhouse-26.7.5.10-stable"
    },
    "postgresql": {
      "binPath": "/nix/store/hap0a9xj3hfxmf08fg9yyz87rm90w9sm-postgresql-15.19/bin",
      "storePath": "/nix/store/hap0a9xj3hfxmf08fg9yyz87rm90w9sm-postgresql-15.19",
      "version": "15.19"
    },
    "python3": {
      "binPath": "/nix/store/yprcwha8bf8cag7kzbsiyfa180vm595w-python3-3.11.16/bin",
      "storePath": "/nix/store/yprcwha8bf8cag7kzbsiyfa180vm595w-python3-3.11.16",
      "version": "3.11.16"
    },
    "redis": {
      "binPath": "/nix/store/1pnhssld9r4s4qxmsm9fbqvab9h2fyx3-redis-8.10.1/bin",
      "storePath": "/nix/store/1pnhssld9r4s4qxmsm9fbqvab9h2fyx3-redis-8.10.1",
      "version": "8.10.1"
    },
    "rustc": {
      "binPath": "/nix/store/cqlx62f919g8xf2f39bmykslpjdh9z0j-rustc-1.97.1/bin",
      "storePath": "/nix/store/cqlx62f919g8xf2f39bmykslpjdh9z0j-rustc-1.97.1",
      "version": "1.97.1"
    },
    "rustc-nightly-default-2025-12": {
      "binPath": "/nix/store/d1jsbahp06kifpx5v3hr1vqd3psb4f8j-rustc-nightly-default-2025-12-28/bin",
      "storePath": "/nix/store/d1jsbahp06kifpx5v3hr1vqd3psb4f8j-rustc-nightly-default-2025-12-28",
      "version": "28"
    },
    "rustc-stable-2025-12": {
      "binPath": "/nix/store/8g85nl9i45brb9ddm09rc0qgsl3g9ml8-rustc-stable-2025-12-11/bin",
      "storePath": "/nix/store/8g85nl9i45brb9ddm09rc0qgsl3g9ml8-rustc-stable-2025-12-11",
      "version": "11"
    },
    "rustc-wrapper": {
      "binPath": "/nix/store/yaa1sq5g4jar7rvlspy7kk2wd98nj6qh-rustc-wrapper-1.97.1/bin",
      "storePath": "/nix/store/yaa1sq5g4jar7rvlspy7kk2wd98nj6qh-rustc-wrapper-1.97.1",
      "version": "1.97.1"
    },
    "seaweedfs": {
      "binPath": "/nix/store/vdc3fylxjmmmq6yqnkn7a0i7yczg36xh-seaweedfs-4.44/bin",
      "storePath": "/nix/store/vdc3fylxjmmmq6yqnkn7a0i7yczg36xh-seaweedfs-4.44",
      "version": "4.44"
    },
    "temporal-cli": {
      "binPath": "/nix/store/cp3l3l4qzr9q87rn8jrrl3kq0b7nrp73-temporal-cli-1.8.2/bin",
      "storePath": "/nix/store/cp3l3l4qzr9q87rn8jrrl3kq0b7nrp73-temporal-cli-1.8.2",
      "version": "1.8.2"
    },
    "uv": {
      "binPath": "/nix/store/v6av5m4035ds4558ax9sh0ywwnkjnd7b-uv-0.12.5/bin",
      "storePath": "/nix/store/v6av5m4035ds4558ax9sh0ywwnkjnd7b-uv-0.12.5",
      "version": "0.12.5"
    }
  },
  "version": 2
}