{
    "name": "cyclotron-node",
    "version": "0.1.0",
    "lockfileVersion": 3,
    "requires": true,
    "packages": {
        "": {
            "name": "cyclotron-node",
            "version": "0.1.0",
            "license": "MIT",
            "devDependencies": {
                "@neon-rs/cli": "0.1.73",
                "@types/node": "^22.4.1",
                "typescript": "^4.7.4"
            }
        },
        "node_modules/@cargo-messages/android-arm-eabi": {
            "version": "0.1.72",
            "resolved": "https://registry.npmjs.org/@cargo-messages/android-arm-eabi/-/android-arm-eabi-0.1.72.tgz",
            "integrity": "sha512-gGZxIM1mj+Y5x+ULND6ZCNr7f70OJi9wDlycSK8hGONy9wrChN6JAIHryddC5cqcwlYAoQ6IDcDFElnhAYbybA==",
            "cpu": [
                "arm"
            ],
            "dev": true,
            "optional": true,
            "os": [
                "android"
            ]
        },
        "node_modules/@cargo-messages/darwin-arm64": {
            "version": "0.1.72",
            "resolved": "https://registry.npmjs.org/@cargo-messages/darwin-arm64/-/darwin-arm64-0.1.72.tgz",
            "integrity": "sha512-EAzN5MLaXPljZKZDO5qR+aBs44eSq2ZbEnS7AI/FziE3MzeXbrGOS3fLba5+7yWPFXJyZolXzePm8N1EBv8ovg==",
            "cpu": [
                "arm64"
            ],
            "dev": true,
            "optional": true,
            "os": [
                "darwin"
            ]
        },
        "node_modules/@cargo-messages/darwin-x64": {
            "version": "0.1.72",
            "resolved": "https://registry.npmjs.org/@cargo-messages/darwin-x64/-/darwin-x64-0.1.72.tgz",
            "integrity": "sha512-RLo6j8s3nYbjdd1LDct4wamfChyRit7zokUuxtIYCu9XOlltkN5vnj1vwnrPvoqCMZ/7CbbuHFwSTn9A71de/w==",
            "cpu": [
                "x64"
            ],
            "dev": true,
            "optional": true,
            "os": [
                "darwin"
            ]
        },
        "node_modules/@cargo-messages/linux-arm-gnueabihf": {
            "version": "0.1.72",
            "resolved": "https://registry.npmjs.org/@cargo-messages/linux-arm-gnueabihf/-/linux-arm-gnueabihf-0.1.72.tgz",
            "integrity": "sha512-tHsRshuzfjrX6SDW3jg6al8vMNLTMgczGnVYl5RuBZf/yrAUuwe30KxA9ge6w6mW6Ox797DyBchzAc9OLgTgmQ==",
            "cpu": [
                "arm"
            ],
            "dev": true,
            "optional": true,
            "os": [
                "linux"
            ]
        },
        "node_modules/@cargo-messages/linux-x64-gnu": {
            "version": "0.1.72",
            "resolved": "https://registry.npmjs.org/@cargo-messages/linux-x64-gnu/-/linux-x64-gnu-0.1.72.tgz",
            "integrity": "sha512-VGtL6CCnUbhsP4aYuBNT5kfrAL7o0qjrxw97a+ax13t+nJd26tVEEIKHMu5drvvS/Nm/hn7sLT8zMnnCv0pvHg==",
            "cpu": [
                "x64"
            ],
            "dev": true,
            "optional": true,
            "os": [
                "linux"
            ]
        },
        "node_modules/@cargo-messages/win32-arm64-msvc": {
            "version": "0.1.72",
            "resolved": "https://registry.npmjs.org/@cargo-messages/win32-arm64-msvc/-/win32-arm64-msvc-0.1.72.tgz",
            "integrity": "sha512-V93Cgz39K+yqa3MveNbhh29pYCp8izK5uEavjPoxlNxAbsMCWH+s0verGDdUcfGxjR1H2V7oZ4FszPqR2SqMRQ==",
            "cpu": [
                "arm64"
            ],
            "dev": true,
            "optional": true,
            "os": [
                "win32"
            ]
        },
        "node_modules/@cargo-messages/win32-x64-msvc": {
            "version": "0.1.72",
            "resolved": "https://registry.npmjs.org/@cargo-messages/win32-x64-msvc/-/win32-x64-msvc-0.1.72.tgz",
            "integrity": "sha512-knz3uSrO0OSbq3U5VWfCY8FB4NsM43BOWLZ7x4sfaMOC1XWv+IyvDdkLe6DhJx8KUw46KIAimYs9YROrp6l46Q==",
            "cpu": [
                "x64"
            ],
            "dev": true,
            "optional": true,
            "os": [
                "win32"
            ]
        },
        "node_modules/@neon-rs/cli": {
            "version": "0.1.73",
            "resolved": "https://registry.npmjs.org/@neon-rs/cli/-/cli-0.1.73.tgz",
            "integrity": "sha512-1kv8S/feB6UQWQQwsnGfkSkEBOtlFDNExnioL81E2BwvUWgjQPaseHgpi2EpWVgsPUgur5eBm4QowmlpWkD4/w==",
            "dev": true,
            "bin": {
                "neon": "index.js"
            },
            "optionalDependencies": {
                "@cargo-messages/android-arm-eabi": "0.1.72",
                "@cargo-messages/darwin-arm64": "0.1.72",
                "@cargo-messages/darwin-x64": "0.1.72",
                "@cargo-messages/linux-arm-gnueabihf": "0.1.72",
                "@cargo-messages/linux-x64-gnu": "0.1.72",
                "@cargo-messages/win32-arm64-msvc": "0.1.72",
                "@cargo-messages/win32-x64-msvc": "0.1.72"
            }
        },
        "node_modules/@types/node": {
            "version": "22.4.1",
            "resolved": "https://registry.npmjs.org/@types/node/-/node-22.4.1.tgz",
            "integrity": "sha512-1tbpb9325+gPnKK0dMm+/LMriX0vKxf6RnB0SZUqfyVkQ4fMgUSySqhxE/y8Jvs4NyF1yHzTfG9KlnkIODxPKg==",
            "dev": true,
            "dependencies": {
                "undici-types": "~6.19.2"
            }
        },
        "node_modules/typescript": {
            "version": "4.9.5",
            "resolved": "https://registry.npmjs.org/typescript/-/typescript-4.9.5.tgz",
            "integrity": "sha512-1FXk9E2Hm+QzZQ7z+McJiHL4NW1F2EzMu9Nq9i3zAaGqibafqYwCVU6WyWAuyQRRzOlxou8xZSyXLEN8oKj24g==",
            "dev": true,
            "bin": {
                "tsc": "bin/tsc",
                "tsserver": "bin/tsserver"
            },
            "engines": {
                "node": ">=4.2.0"
            }
        },
        "node_modules/undici-types": {
            "version": "6.19.8",
            "resolved": "https://registry.npmjs.org/undici-types/-/undici-types-6.19.8.tgz",
            "integrity": "sha512-ve2KP6f/JnbPBFyobGHuerC9g1FYGn/F8n1LWTwNxCEzd6IfqTwUQcNXgEtmmQ6DlRrC1hrSrBnCZPokRrDHjw==",
            "dev": true
        }
    }
}
