lockfileVersion: '6.1'

settings:
  autoInstallPeers: true
  excludeLinksFromLockfile: false

devDependencies:
  '@types/node':
    specifier: ^22.13.14
    version: 22.13.14
  typescript:
    specifier: ^4.7.4
    version: 4.7.4
  undici-types:
    specifier: ^7.3.0
    version: 7.3.0

packages:

  /@types/node@22.13.14:
    resolution: {integrity: sha512-CRpX21/kGdzjOpFsZSkcrXMGIBWMGNIHXXBVFSH+ggkftxg+XYP20TESbh+zFvFj3EQOl5byk0HTRn1IL6hbqg==}
    dev: true

  /typescript@4.7.4:
    resolution: {integrity: sha512-C0WQT0gezHuw6AdY1M2jxUO83Rjf0HP7Sk1DtXj6j1EwkQNZrHAg2XPWlq62oqEhYvONq5pkC2Y9oPljWToLmQ==}
    engines: {node: '>=4.2.0'}
    hasBin: true
    dev: true

  /undici-types@7.3.0:
    resolution: {integrity: sha512-z2pHpkN2BEJl3QlQo0GtfGCyuhuBbWX60vzGwyn7ex/seM2UkvyGEfEV0Qb9pXc5StNfcJpsstgaf2YTEJa63Q==}
    dev: true
